
Microsoft Visual Studio Solution File, Format Version 11.00
# Visual Studio 2010
Project("{FAE04EC0-301F-11D3-BF4B-00C04F79EFBC}") = "UnityEngine.TestRunner", "UnityEngine.TestRunner.csproj", "{70c17bb5-320b-149a-acee-fcae3debd708}"
EndProject
Project("{FAE04EC0-301F-11D3-BF4B-00C04F79EFBC}") = "Unity.Postprocessing.Runtime", "Unity.Postprocessing.Runtime.csproj", "{6d5f5d6d-acea-6136-ed17-15df529e25ba}"
EndProject
Project("{FAE04EC0-301F-11D3-BF4B-00C04F79EFBC}") = "Unity.2D.Animation.Triangle.Runtime", "Unity.2D.Animation.Triangle.Runtime.csproj", "{e7bf4a15-1dd5-51f2-a107-cc32d0573af9}"
EndProject
Project("{FAE04EC0-301F-11D3-BF4B-00C04F79EFBC}") = "UnityEngine.UI", "UnityEngine.UI.csproj", "{92736941-4fbb-8894-e894-7cee1766c232}"
EndProject
Project("{FAE04EC0-301F-11D3-BF4B-00C04F79EFBC}") = "Unity.TextMeshPro", "Unity.TextMeshPro.csproj", "{26e03622-861a-aa52-112f-8aeeb992b4bf}"
EndProject
Project("{FAE04EC0-301F-11D3-BF4B-00C04F79EFBC}") = "Unity.2D.Animation.Runtime", "Unity.2D.Animation.Runtime.csproj", "{c69c50b9-b463-067c-724f-4522d953fd9f}"
EndProject
Project("{FAE04EC0-301F-11D3-BF4B-00C04F79EFBC}") = "Unity.Timeline", "Unity.Timeline.csproj", "{0d96c217-e74a-d2d0-7bb4-d94935cf4e14}"
EndProject
Project("{FAE04EC0-301F-11D3-BF4B-00C04F79EFBC}") = "Unity.Mathematics", "Unity.Mathematics.csproj", "{31b85047-7650-a83f-2c72-30bd9c75b255}"
EndProject
Project("{FAE04EC0-301F-11D3-BF4B-00C04F79EFBC}") = "Unity.2D.SpriteShape.Runtime", "Unity.2D.SpriteShape.Runtime.csproj", "{e7fa6bfb-d107-c53a-c544-2c5bf8e48685}"
EndProject
Project("{FAE04EC0-301F-11D3-BF4B-00C04F79EFBC}") = "Assembly-CSharp", "Assembly-CSharp.csproj", "{d51ad4a2-3080-a6f7-f90d-73b566db908d}"
EndProject
Project("{FAE04EC0-301F-11D3-BF4B-00C04F79EFBC}") = "Unity.2D.PixelPerfect", "Unity.2D.PixelPerfect.csproj", "{69d813c6-c21c-fa34-7c2c-6dd49552a795}"
EndProject
Project("{FAE04EC0-301F-11D3-BF4B-00C04F79EFBC}") = "Unity.InternalAPIEngineBridge.001", "Unity.InternalAPIEngineBridge.001.csproj", "{430108a4-4d9e-ed46-cd9f-89d4a9c612b7}"
EndProject
Project("{FAE04EC0-301F-11D3-BF4B-00C04F79EFBC}") = "Unity.2D.Common.Runtime", "Unity.2D.Common.Runtime.csproj", "{4e12c774-0c3f-51d8-5a45-a730c709ff39}"
EndProject
Project("{FAE04EC0-301F-11D3-BF4B-00C04F79EFBC}") = "UnityEditor.TestRunner", "UnityEditor.TestRunner.csproj", "{6eb55385-6b3c-81d2-ece0-347f3d0ed0cb}"
EndProject
Project("{FAE04EC0-301F-11D3-BF4B-00C04F79EFBC}") = "Unity.TextMeshPro.Editor", "Unity.TextMeshPro.Editor.csproj", "{a35bacfe-0312-72bf-f988-0913d01645e4}"
EndProject
Project("{FAE04EC0-301F-11D3-BF4B-00C04F79EFBC}") = "Unity.Timeline.Editor", "Unity.Timeline.Editor.csproj", "{7c18fffe-40d2-bec1-1bb8-6b71d254df8a}"
EndProject
Project("{FAE04EC0-301F-11D3-BF4B-00C04F79EFBC}") = "Unity.2D.Animation.Editor", "Unity.2D.Animation.Editor.csproj", "{e6ef34c2-d550-12d7-12dc-1f16e0e5c168}"
EndProject
Project("{FAE04EC0-301F-11D3-BF4B-00C04F79EFBC}") = "Unity.2D.Path.Editor", "Unity.2D.Path.Editor.csproj", "{9c10aece-c303-4025-9c17-def831f0372e}"
EndProject
Project("{FAE04EC0-301F-11D3-BF4B-00C04F79EFBC}") = "Unity.2D.Sprite.Editor", "Unity.2D.Sprite.Editor.csproj", "{e76a6d52-a1aa-db6c-cf1a-5aa10e30fc2e}"
EndProject
Project("{FAE04EC0-301F-11D3-BF4B-00C04F79EFBC}") = "UnityEditor.UI", "UnityEditor.UI.csproj", "{ebdf3b1c-5884-8788-f3d0-1d0db04a2a5d}"
EndProject
Project("{FAE04EC0-301F-11D3-BF4B-00C04F79EFBC}") = "Unity.Rider.Editor", "Unity.Rider.Editor.csproj", "{24e22ffb-3230-5024-9127-824498208bcd}"
EndProject
Project("{FAE04EC0-301F-11D3-BF4B-00C04F79EFBC}") = "Unity.2D.Tilemap.Editor", "Unity.2D.Tilemap.Editor.csproj", "{b054f307-a588-b039-06e6-58df9ca916ac}"
EndProject
Project("{FAE04EC0-301F-11D3-BF4B-00C04F79EFBC}") = "Unity.2D.SpriteShape.Editor", "Unity.2D.SpriteShape.Editor.csproj", "{0f86e6eb-a989-3eb2-8068-8b1011268f8e}"
EndProject
Project("{FAE04EC0-301F-11D3-BF4B-00C04F79EFBC}") = "PsdPlugin", "PsdPlugin.csproj", "{477abe9b-f375-a949-bf42-0ea7495647bc}"
EndProject
Project("{FAE04EC0-301F-11D3-BF4B-00C04F79EFBC}") = "Unity.Postprocessing.Editor", "Unity.Postprocessing.Editor.csproj", "{3c84add1-f280-b749-1dbd-7dd4db711a1b}"
EndProject
Project("{FAE04EC0-301F-11D3-BF4B-00C04F79EFBC}") = "Unity.CollabProxy.Editor", "Unity.CollabProxy.Editor.csproj", "{9b374af0-39ca-9586-2b7c-598836bc9916}"
EndProject
Project("{FAE04EC0-301F-11D3-BF4B-00C04F79EFBC}") = "Unity.2D.Common.Editor", "Unity.2D.Common.Editor.csproj", "{b09075ae-3e3a-573d-1047-127bb70a8a10}"
EndProject
Project("{FAE04EC0-301F-11D3-BF4B-00C04F79EFBC}") = "Unity.VSCode.Editor", "Unity.VSCode.Editor.csproj", "{8c0981ee-e992-e6d2-0e95-76ef0066c001}"
EndProject
Project("{FAE04EC0-301F-11D3-BF4B-00C04F79EFBC}") = "Unity.2D.Psdimporter.Editor", "Unity.2D.Psdimporter.Editor.csproj", "{11d11b83-0cf4-1be4-1d6e-838b1556e4cf}"
EndProject
Project("{FAE04EC0-301F-11D3-BF4B-00C04F79EFBC}") = "Unity.2D.PixelPerfect.Editor", "Unity.2D.PixelPerfect.Editor.csproj", "{0ee2c4d5-81d2-3e35-12c8-38f37e007b68}"
EndProject
Project("{FAE04EC0-301F-11D3-BF4B-00C04F79EFBC}") = "Unity.Mathematics.Editor", "Unity.Mathematics.Editor.csproj", "{dcca29f8-e677-3102-0110-0efa256457ad}"
EndProject
Project("{FAE04EC0-301F-11D3-BF4B-00C04F79EFBC}") = "Unity.InternalAPIEditorBridge.001", "Unity.InternalAPIEditorBridge.001.csproj", "{07ec3d76-3c11-9241-0e5e-b4b784a1a214}"
EndProject
Global
	GlobalSection(SolutionConfigurationPlatforms) = preSolution
		Debug|Any CPU = Debug|Any CPU
	EndGlobalSection
	GlobalSection(ProjectConfigurationPlatforms) = postSolution
		{70c17bb5-320b-149a-acee-fcae3debd708}.Debug|Any CPU.ActiveCfg = Debug|Any CPU
		{70c17bb5-320b-149a-acee-fcae3debd708}.Debug|Any CPU.Build.0 = Debug|Any CPU
		{6d5f5d6d-acea-6136-ed17-15df529e25ba}.Debug|Any CPU.ActiveCfg = Debug|Any CPU
		{6d5f5d6d-acea-6136-ed17-15df529e25ba}.Debug|Any CPU.Build.0 = Debug|Any CPU
		{e7bf4a15-1dd5-51f2-a107-cc32d0573af9}.Debug|Any CPU.ActiveCfg = Debug|Any CPU
		{e7bf4a15-1dd5-51f2-a107-cc32d0573af9}.Debug|Any CPU.Build.0 = Debug|Any CPU
		{92736941-4fbb-8894-e894-7cee1766c232}.Debug|Any CPU.ActiveCfg = Debug|Any CPU
		{92736941-4fbb-8894-e894-7cee1766c232}.Debug|Any CPU.Build.0 = Debug|Any CPU
		{26e03622-861a-aa52-112f-8aeeb992b4bf}.Debug|Any CPU.ActiveCfg = Debug|Any CPU
		{26e03622-861a-aa52-112f-8aeeb992b4bf}.Debug|Any CPU.Build.0 = Debug|Any CPU
		{c69c50b9-b463-067c-724f-4522d953fd9f}.Debug|Any CPU.ActiveCfg = Debug|Any CPU
		{c69c50b9-b463-067c-724f-4522d953fd9f}.Debug|Any CPU.Build.0 = Debug|Any CPU
		{0d96c217-e74a-d2d0-7bb4-d94935cf4e14}.Debug|Any CPU.ActiveCfg = Debug|Any CPU
		{0d96c217-e74a-d2d0-7bb4-d94935cf4e14}.Debug|Any CPU.Build.0 = Debug|Any CPU
		{31b85047-7650-a83f-2c72-30bd9c75b255}.Debug|Any CPU.ActiveCfg = Debug|Any CPU
		{31b85047-7650-a83f-2c72-30bd9c75b255}.Debug|Any CPU.Build.0 = Debug|Any CPU
		{e7fa6bfb-d107-c53a-c544-2c5bf8e48685}.Debug|Any CPU.ActiveCfg = Debug|Any CPU
		{e7fa6bfb-d107-c53a-c544-2c5bf8e48685}.Debug|Any CPU.Build.0 = Debug|Any CPU
		{d51ad4a2-3080-a6f7-f90d-73b566db908d}.Debug|Any CPU.ActiveCfg = Debug|Any CPU
		{d51ad4a2-3080-a6f7-f90d-73b566db908d}.Debug|Any CPU.Build.0 = Debug|Any CPU
		{69d813c6-c21c-fa34-7c2c-6dd49552a795}.Debug|Any CPU.ActiveCfg = Debug|Any CPU
		{69d813c6-c21c-fa34-7c2c-6dd49552a795}.Debug|Any CPU.Build.0 = Debug|Any CPU
		{430108a4-4d9e-ed46-cd9f-89d4a9c612b7}.Debug|Any CPU.ActiveCfg = Debug|Any CPU
		{430108a4-4d9e-ed46-cd9f-89d4a9c612b7}.Debug|Any CPU.Build.0 = Debug|Any CPU
		{4e12c774-0c3f-51d8-5a45-a730c709ff39}.Debug|Any CPU.ActiveCfg = Debug|Any CPU
		{4e12c774-0c3f-51d8-5a45-a730c709ff39}.Debug|Any CPU.Build.0 = Debug|Any CPU
		{6eb55385-6b3c-81d2-ece0-347f3d0ed0cb}.Debug|Any CPU.ActiveCfg = Debug|Any CPU
		{6eb55385-6b3c-81d2-ece0-347f3d0ed0cb}.Debug|Any CPU.Build.0 = Debug|Any CPU
		{a35bacfe-0312-72bf-f988-0913d01645e4}.Debug|Any CPU.ActiveCfg = Debug|Any CPU
		{a35bacfe-0312-72bf-f988-0913d01645e4}.Debug|Any CPU.Build.0 = Debug|Any CPU
		{7c18fffe-40d2-bec1-1bb8-6b71d254df8a}.Debug|Any CPU.ActiveCfg = Debug|Any CPU
		{7c18fffe-40d2-bec1-1bb8-6b71d254df8a}.Debug|Any CPU.Build.0 = Debug|Any CPU
		{e6ef34c2-d550-12d7-12dc-1f16e0e5c168}.Debug|Any CPU.ActiveCfg = Debug|Any CPU
		{e6ef34c2-d550-12d7-12dc-1f16e0e5c168}.Debug|Any CPU.Build.0 = Debug|Any CPU
		{9c10aece-c303-4025-9c17-def831f0372e}.Debug|Any CPU.ActiveCfg = Debug|Any CPU
		{9c10aece-c303-4025-9c17-def831f0372e}.Debug|Any CPU.Build.0 = Debug|Any CPU
		{e76a6d52-a1aa-db6c-cf1a-5aa10e30fc2e}.Debug|Any CPU.ActiveCfg = Debug|Any CPU
		{e76a6d52-a1aa-db6c-cf1a-5aa10e30fc2e}.Debug|Any CPU.Build.0 = Debug|Any CPU
		{ebdf3b1c-5884-8788-f3d0-1d0db04a2a5d}.Debug|Any CPU.ActiveCfg = Debug|Any CPU
		{ebdf3b1c-5884-8788-f3d0-1d0db04a2a5d}.Debug|Any CPU.Build.0 = Debug|Any CPU
		{24e22ffb-3230-5024-9127-824498208bcd}.Debug|Any CPU.ActiveCfg = Debug|Any CPU
		{24e22ffb-3230-5024-9127-824498208bcd}.Debug|Any CPU.Build.0 = Debug|Any CPU
		{b054f307-a588-b039-06e6-58df9ca916ac}.Debug|Any CPU.ActiveCfg = Debug|Any CPU
		{b054f307-a588-b039-06e6-58df9ca916ac}.Debug|Any CPU.Build.0 = Debug|Any CPU
		{0f86e6eb-a989-3eb2-8068-8b1011268f8e}.Debug|Any CPU.ActiveCfg = Debug|Any CPU
		{0f86e6eb-a989-3eb2-8068-8b1011268f8e}.Debug|Any CPU.Build.0 = Debug|Any CPU
		{477abe9b-f375-a949-bf42-0ea7495647bc}.Debug|Any CPU.ActiveCfg = Debug|Any CPU
		{477abe9b-f375-a949-bf42-0ea7495647bc}.Debug|Any CPU.Build.0 = Debug|Any CPU
		{3c84add1-f280-b749-1dbd-7dd4db711a1b}.Debug|Any CPU.ActiveCfg = Debug|Any CPU
		{3c84add1-f280-b749-1dbd-7dd4db711a1b}.Debug|Any CPU.Build.0 = Debug|Any CPU
		{9b374af0-39ca-9586-2b7c-598836bc9916}.Debug|Any CPU.ActiveCfg = Debug|Any CPU
		{9b374af0-39ca-9586-2b7c-598836bc9916}.Debug|Any CPU.Build.0 = Debug|Any CPU
		{b09075ae-3e3a-573d-1047-127bb70a8a10}.Debug|Any CPU.ActiveCfg = Debug|Any CPU
		{b09075ae-3e3a-573d-1047-127bb70a8a10}.Debug|Any CPU.Build.0 = Debug|Any CPU
		{8c0981ee-e992-e6d2-0e95-76ef0066c001}.Debug|Any CPU.ActiveCfg = Debug|Any CPU
		{8c0981ee-e992-e6d2-0e95-76ef0066c001}.Debug|Any CPU.Build.0 = Debug|Any CPU
		{11d11b83-0cf4-1be4-1d6e-838b1556e4cf}.Debug|Any CPU.ActiveCfg = Debug|Any CPU
		{11d11b83-0cf4-1be4-1d6e-838b1556e4cf}.Debug|Any CPU.Build.0 = Debug|Any CPU
		{0ee2c4d5-81d2-3e35-12c8-38f37e007b68}.Debug|Any CPU.ActiveCfg = Debug|Any CPU
		{0ee2c4d5-81d2-3e35-12c8-38f37e007b68}.Debug|Any CPU.Build.0 = Debug|Any CPU
		{dcca29f8-e677-3102-0110-0efa256457ad}.Debug|Any CPU.ActiveCfg = Debug|Any CPU
		{dcca29f8-e677-3102-0110-0efa256457ad}.Debug|Any CPU.Build.0 = Debug|Any CPU
		{07ec3d76-3c11-9241-0e5e-b4b784a1a214}.Debug|Any CPU.ActiveCfg = Debug|Any CPU
		{07ec3d76-3c11-9241-0e5e-b4b784a1a214}.Debug|Any CPU.Build.0 = Debug|Any CPU
	EndGlobalSection
	GlobalSection(SolutionProperties) = preSolution
		HideSolutionNode = FALSE
	EndGlobalSection
EndGlobal
